
Microsoft Visual Studio Solution File, Format Version 12.00
# Visual Studio 15
VisualStudioVersion = 15.0.27428.2015
MinimumVisualStudioVersion = 10.0.40219.1
Project("{FAE04EC0-301F-11D3-BF4B-00C04F79EFBC}") = "NTier.UI", "NTier.UI\NTier.UI.csproj", "{0FA2DF36-FDD5-46D0-A566-6D3FDE0199E5}"
EndProject
Project("{FAE04EC0-301F-11D3-BF4B-00C04F79EFBC}") = "NTier.DAL", "NTier.DAL\NTier.DAL.csproj", "{74578596-3074-43DE-BC8D-74B5BF531F65}"
EndProject
Project("{FAE04EC0-301F-11D3-BF4B-00C04F79EFBC}") = "NTier.Map", "NTier.Map\NTier.Map.csproj", "{C2955A59-B300-4B6B-AFAA-74B4140F9B01}"
EndProject
Project("{FAE04EC0-301F-11D3-BF4B-00C04F79EFBC}") = "NTier.Core", "NTier.Core\NTier.Core.csproj", "{750D79F4-E4EE-4393-AA56-ED14EE0B1C81}"
EndProject
Project("{FAE04EC0-301F-11D3-BF4B-00C04F79EFBC}") = "NTier.Service", "NTier.Service\NTier.Service.csproj", "{76362B04-C091-468B-8B95-CC2EC2603E2B}"
EndProject
Project("{FAE04EC0-301F-11D3-BF4B-00C04F79EFBC}") = "NTier.Model", "NTier.Model\NTier.Model.csproj", "{AD485E0E-F2DD-4F09-A4E9-0A7D76D3465C}"
EndProject
Project("{FAE04EC0-301F-11D3-BF4B-00C04F79EFBC}") = "NTier.Utility", "NTier.Utility\NTier.Utility.csproj", "{2F997697-695F-40F6-8EA0-9579E5549AD2}"
EndProject
Global
	GlobalSection(SolutionConfigurationPlatforms) = preSolution
		Debug|Any CPU = Debug|Any CPU
		Release|Any CPU = Release|Any CPU
	EndGlobalSection
	GlobalSection(ProjectConfigurationPlatforms) = postSolution
		{0FA2DF36-FDD5-46D0-A566-6D3FDE0199E5}.Debug|Any CPU.ActiveCfg = Debug|Any CPU
		{0FA2DF36-FDD5-46D0-A566-6D3FDE0199E5}.Debug|Any CPU.Build.0 = Debug|Any CPU
		{0FA2DF36-FDD5-46D0-A566-6D3FDE0199E5}.Release|Any CPU.ActiveCfg = Release|Any CPU
		{0FA2DF36-FDD5-46D0-A566-6D3FDE0199E5}.Release|Any CPU.Build.0 = Release|Any CPU
		{74578596-3074-43DE-BC8D-74B5BF531F65}.Debug|Any CPU.ActiveCfg = Debug|Any CPU
		{74578596-3074-43DE-BC8D-74B5BF531F65}.Debug|Any CPU.Build.0 = Debug|Any CPU
		{74578596-3074-43DE-BC8D-74B5BF531F65}.Release|Any CPU.ActiveCfg = Release|Any CPU
		{74578596-3074-43DE-BC8D-74B5BF531F65}.Release|Any CPU.Build.0 = Release|Any CPU
		{C2955A59-B300-4B6B-AFAA-74B4140F9B01}.Debug|Any CPU.ActiveCfg = Debug|Any CPU
		{C2955A59-B300-4B6B-AFAA-74B4140F9B01}.Debug|Any CPU.Build.0 = Debug|Any CPU
		{C2955A59-B300-4B6B-AFAA-74B4140F9B01}.Release|Any CPU.ActiveCfg = Release|Any CPU
		{C2955A59-B300-4B6B-AFAA-74B4140F9B01}.Release|Any CPU.Build.0 = Release|Any CPU
		{750D79F4-E4EE-4393-AA56-ED14EE0B1C81}.Debug|Any CPU.ActiveCfg = Debug|Any CPU
		{750D79F4-E4EE-4393-AA56-ED14EE0B1C81}.Debug|Any CPU.Build.0 = Debug|Any CPU
		{750D79F4-E4EE-4393-AA56-ED14EE0B1C81}.Release|Any CPU.ActiveCfg = Release|Any CPU
		{750D79F4-E4EE-4393-AA56-ED14EE0B1C81}.Release|Any CPU.Build.0 = Release|Any CPU
		{76362B04-C091-468B-8B95-CC2EC2603E2B}.Debug|Any CPU.ActiveCfg = Debug|Any CPU
		{76362B04-C091-468B-8B95-CC2EC2603E2B}.Debug|Any CPU.Build.0 = Debug|Any CPU
		{76362B04-C091-468B-8B95-CC2EC2603E2B}.Release|Any CPU.ActiveCfg = Release|Any CPU
		{76362B04-C091-468B-8B95-CC2EC2603E2B}.Release|Any CPU.Build.0 = Release|Any CPU
		{AD485E0E-F2DD-4F09-A4E9-0A7D76D3465C}.Debug|Any CPU.ActiveCfg = Debug|Any CPU
		{AD485E0E-F2DD-4F09-A4E9-0A7D76D3465C}.Debug|Any CPU.Build.0 = Debug|Any CPU
		{AD485E0E-F2DD-4F09-A4E9-0A7D76D3465C}.Release|Any CPU.ActiveCfg = Release|Any CPU
		{AD485E0E-F2DD-4F09-A4E9-0A7D76D3465C}.Release|Any CPU.Build.0 = Release|Any CPU
		{2F997697-695F-40F6-8EA0-9579E5549AD2}.Debug|Any CPU.ActiveCfg = Debug|Any CPU
		{2F997697-695F-40F6-8EA0-9579E5549AD2}.Debug|Any CPU.Build.0 = Debug|Any CPU
		{2F997697-695F-40F6-8EA0-9579E5549AD2}.Release|Any CPU.ActiveCfg = Release|Any CPU
		{2F997697-695F-40F6-8EA0-9579E5549AD2}.Release|Any CPU.Build.0 = Release|Any CPU
	EndGlobalSection
	GlobalSection(SolutionProperties) = preSolution
		HideSolutionNode = FALSE
	EndGlobalSection
	GlobalSection(ExtensibilityGlobals) = postSolution
		SolutionGuid = {86508E91-05C7-47CF-B608-5046F61E7A21}
	EndGlobalSection
EndGlobal
